
Microsoft Visual Studio Solution File, Format Version 12.00
# Visual Studio 15
VisualStudioVersion = 15.0.27130.2027
MinimumVisualStudioVersion = 10.0.40219.1
Project("{9A19103F-16F7-4668-BE54-9A1E7A4F7556}") = "Leaf_Tool", "Leaf_Tool\Leaf_Tool.csproj", "{675A51B6-90CA-469A-AE11-05DDCCA1EB6A}"
EndProject
Global
	GlobalSection(SolutionConfigurationPlatforms) = preSolution
		Debug|Any CPU = Debug|Any CPU
		Debug|x64 = Debug|x64
		Release|Any CPU = Release|Any CPU
		Release|x64 = Release|x64
	EndGlobalSection
	GlobalSection(ProjectConfigurationPlatforms) = postSolution
		{675A51B6-90CA-469A-AE11-05DDCCA1EB6A}.Debug|Any CPU.ActiveCfg = Debug|Any CPU
		{675A51B6-90CA-469A-AE11-05DDCCA1EB6A}.Debug|Any CPU.Build.0 = Debug|Any CPU
		{675A51B6-90CA-469A-AE11-05DDCCA1EB6A}.Debug|x64.ActiveCfg = Release|x64
		{675A51B6-90CA-469A-AE11-05DDCCA1EB6A}.Debug|x64.Build.0 = Release|x64
		{675A51B6-90CA-469A-AE11-05DDCCA1EB6A}.Release|Any CPU.ActiveCfg = Release|Any CPU
		{675A51B6-90CA-469A-AE11-05DDCCA1EB6A}.Release|Any CPU.Build.0 = Release|Any CPU
		{675A51B6-90CA-469A-AE11-05DDCCA1EB6A}.Release|x64.ActiveCfg = Release|x64
		{675A51B6-90CA-469A-AE11-05DDCCA1EB6A}.Release|x64.Build.0 = Release|x64
	EndGlobalSection
	GlobalSection(SolutionProperties) = preSolution
		HideSolutionNode = FALSE
	EndGlobalSection
	GlobalSection(ExtensibilityGlobals) = postSolution
		SolutionGuid = {FE5F9EDA-3B3E-4D8E-9EC9-3BFEC1226779}
	EndGlobalSection
EndGlobal
